
Microsoft Visual Studio Solution File, Format Version 12.00
# Visual Studio Version 17
VisualStudioVersion = 17.9.34728.123
MinimumVisualStudioVersion = 10.0.40219.1
Project("{FAE04EC0-301F-11D3-BF4B-00C04F79EFBC}") = "Quiz-Platform.API", "WebApplication1\Quiz-Platform.API.csproj", "{EE7D5FB6-55F6-4423-896B-DAF46C5A137C}"
EndProject
Project("{FAE04EC0-301F-11D3-BF4B-00C04F79EFBC}") = "Quiz-Platform.BL", "Quiz-Platform.BL\Quiz-Platform.BL.csproj", "{150C0FE6-91C2-4FED-9A9B-5413B82EFA25}"
EndProject
Project("{FAE04EC0-301F-11D3-BF4B-00C04F79EFBC}") = "Quiz-Platform.DAL", "Quiz-Platform.DAL\Quiz-Platform.DAL.csproj", "{30FD754D-75CA-4471-AA26-36A4E76EE355}"
EndProject
Global
	GlobalSection(SolutionConfigurationPlatforms) = preSolution
		Debug|Any CPU = Debug|Any CPU
		Release|Any CPU = Release|Any CPU
	EndGlobalSection
	GlobalSection(ProjectConfigurationPlatforms) = postSolution
		{EE7D5FB6-55F6-4423-896B-DAF46C5A137C}.Debug|Any CPU.ActiveCfg = Debug|Any CPU
		{EE7D5FB6-55F6-4423-896B-DAF46C5A137C}.Debug|Any CPU.Build.0 = Debug|Any CPU
		{EE7D5FB6-55F6-4423-896B-DAF46C5A137C}.Release|Any CPU.ActiveCfg = Release|Any CPU
		{EE7D5FB6-55F6-4423-896B-DAF46C5A137C}.Release|Any CPU.Build.0 = Release|Any CPU
		{150C0FE6-91C2-4FED-9A9B-5413B82EFA25}.Debug|Any CPU.ActiveCfg = Debug|Any CPU
		{150C0FE6-91C2-4FED-9A9B-5413B82EFA25}.Debug|Any CPU.Build.0 = Debug|Any CPU
		{150C0FE6-91C2-4FED-9A9B-5413B82EFA25}.Release|Any CPU.ActiveCfg = Release|Any CPU
		{150C0FE6-91C2-4FED-9A9B-5413B82EFA25}.Release|Any CPU.Build.0 = Release|Any CPU
		{30FD754D-75CA-4471-AA26-36A4E76EE355}.Debug|Any CPU.ActiveCfg = Debug|Any CPU
		{30FD754D-75CA-4471-AA26-36A4E76EE355}.Debug|Any CPU.Build.0 = Debug|Any CPU
		{30FD754D-75CA-4471-AA26-36A4E76EE355}.Release|Any CPU.ActiveCfg = Release|Any CPU
		{30FD754D-75CA-4471-AA26-36A4E76EE355}.Release|Any CPU.Build.0 = Release|Any CPU
	EndGlobalSection
	GlobalSection(SolutionProperties) = preSolution
		HideSolutionNode = FALSE
	EndGlobalSection
	GlobalSection(ExtensibilityGlobals) = postSolution
		SolutionGuid = {2E718630-DC28-47C6-B83D-EF01B1EC1510}
	EndGlobalSection
EndGlobal
